<?xml version="1.0" encoding="utf-8"?>
<Project ToolsVersion="4.0" xmlns="http://schemas.microsoft.com/developer/msbuild/2003">
  <ItemGroup>
    <Filter Include="Source Files">
      <UniqueIdentifier>{4FC737F1-C7A5-4376-A066-2A32D752A2FF}</UniqueIdentifier>
      <Extensions>cpp;c;cc;cxx;c++;cppm;ixx;def;odl;idl;hpj;bat;asm;asmx</Extensions>
    </Filter>
    <Filter Include="Header Files">
      <UniqueIdentifier>{93995380-89BD-4b04-88EB-625FBE52EBFB}</UniqueIdentifier>
      <Extensions>h;hh;hpp;hxx;h++;hm;inl;inc;ipp;xsd</Extensions>
    </Filter>
    <Filter Include="Resource Files">
      <UniqueIdentifier>{67DA6AB6-F800-4c08-8B7A-83BB121AAD01}</UniqueIdentifier>
      <Extensions>rc;ico;cur;bmp;dlg;rc2;rct;bin;rgs;gif;jpg;jpeg;jpe;resx;tiff;tif;png;wav;mfcribbon-ms</Extensions>
    </Filter>
  </ItemGroup>
  <ItemGroup>
    <ClCompile Include="code/main.cpp">
      <Filter>Source Files</Filter>
    </ClCompile>
    <ClCompile Include="code\Map\Map.cpp">
      <Filter>Source Files</Filter>
    </ClCompile>
    <ClCompile Include="code\Map\Layer.cpp">
      <Filter>Source Files</Filter>
    </ClCompile>
    <ClCompile Include="code\Gfx\Tileset.cpp">
      <Filter>Source Files</Filter>
    </ClCompile>
    <ClCompile Include="code\Utility\Utility.cpp">
      <Filter>Source Files</Filter>
    </ClCompile>
    <ClCompile Include="pugixml.cpp">
      <Filter>Source Files</Filter>
    </ClCompile>
    <ClCompile Include="code\State\StateManager.cpp">
      <Filter>Source Files</Filter>
    </ClCompile>
    <ClCompile Include="code\State\StateBase.cpp">
      <Filter>Source Files</Filter>
    </ClCompile>
    <ClCompile Include="code\Game.cpp">
      <Filter>Source Files</Filter>
    </ClCompile>
    <ClCompile Include="code\State\StatePlaying.cpp">
      <Filter>Source Files</Filter>
    </ClCompile>
    <ClCompile Include="code\State\StateMainMenu.cpp">
      <Filter>Source Files</Filter>
    </ClCompile>
    <ClCompile Include="code\Gui\Widget.cpp">
      <Filter>Source Files</Filter>
    </ClCompile>
    <ClCompile Include="code\Gui\Button.cpp">
      <Filter>Source Files</Filter>
    </ClCompile>
    <ClCompile Include="code\Gui\Label.cpp">
      <Filter>Source Files</Filter>
    </ClCompile>
    <ClCompile Include="code\State\StatePauseMenu.cpp">
      <Filter>Source Files</Filter>
    </ClCompile>
    <ClCompile Include="code\State\StateGameOver.cpp">
      <Filter>Source Files</Filter>
    </ClCompile>
    <ClCompile Include="code\State\StateWin.cpp">
      <Filter>Source Files</Filter>
    </ClCompile>
  </ItemGroup>
  <ItemGroup>
    <ClInclude Include="code\Map\Map.h">
      <Filter>Header Files</Filter>
    </ClInclude>
    <ClInclude Include="code\Map\Layer.h">
      <Filter>Header Files</Filter>
    </ClInclude>
    <ClInclude Include="code\Gfx\Tileset.h">
      <Filter>Header Files</Filter>
    </ClInclude>
    <ClInclude Include="code\Utility\ResourceManager.h">
      <Filter>Header Files</Filter>
    </ClInclude>
    <ClInclude Include="code\Utility\ResourceHolder.h">
      <Filter>Header Files</Filter>
    </ClInclude>
    <ClInclude Include="code\Utility\Utility.h">
      <Filter>Header Files</Filter>
    </ClInclude>
    <ClInclude Include="code\Locator.h">
      <Filter>Header Files</Filter>
    </ClInclude>
    <ClInclude Include="code\Systems\IUpdateSystem.h">
      <Filter>Header Files</Filter>
    </ClInclude>
    <ClInclude Include="code\Systems\IRenderSystem.h">
      <Filter>Header Files</Filter>
    </ClInclude>
    <ClInclude Include="code\Systems\RenderSpriteSystem.h">
      <Filter>Header Files</Filter>
    </ClInclude>
    <ClInclude Include="code\Window.h">
      <Filter>Header Files</Filter>
    </ClInclude>
    <ClInclude Include="code\Components\RigidBody.h">
      <Filter>Header Files</Filter>
    </ClInclude>
    <ClInclude Include="code\Systems\ControllerSystem.h">
      <Filter>Header Files</Filter>
    </ClInclude>
    <ClInclude Include="code\Systems\MovementSystem.h">
      <Filter>Header Files</Filter>
    </ClInclude>
    <ClInclude Include="code\Game.h">
      <Filter>Header Files</Filter>
    </ClInclude>
    <ClInclude Include="code\Components\ControllerComponent.h">
      <Filter>Header Files</Filter>
    </ClInclude>
    <ClInclude Include="code\State\StateBase.h">
      <Filter>Header Files</Filter>
    </ClInclude>
    <ClInclude Include="code\State\StatePlaying.h">
      <Filter>Header Files</Filter>
    </ClInclude>
    <ClInclude Include="code\State\StateMainMenu.h">
      <Filter>Header Files</Filter>
    </ClInclude>
    <ClInclude Include="code\State\StateManager.h">
      <Filter>Header Files</Filter>
    </ClInclude>
    <ClInclude Include="code\Components\ButtonStates.h">
      <Filter>Header Files</Filter>
    </ClInclude>
    <ClInclude Include="code\Systems\MenuUpdateSystem.h">
      <Filter>Header Files</Filter>
    </ClInclude>
    <ClInclude Include="code\Gui\Widget.h">
      <Filter>Header Files</Filter>
    </ClInclude>
    <ClInclude Include="code\Gui\Button.h">
      <Filter>Header Files</Filter>
    </ClInclude>
    <ClInclude Include="code\Gui\Label.h">
      <Filter>Header Files</Filter>
    </ClInclude>
    <ClInclude Include="code\Systems\UpdatePhysicsSystem.h">
      <Filter>Header Files</Filter>
    </ClInclude>
    <ClInclude Include="code\Systems\RenderDebugSystem.h">
      <Filter>Header Files</Filter>
    </ClInclude>
    <ClInclude Include="code\Components\Animation.h">
      <Filter>Header Files</Filter>
    </ClInclude>
    <ClInclude Include="code\Systems\AnimationSystem.h">
      <Filter>Header Files</Filter>
    </ClInclude>
    <ClInclude Include="code\Components\Renderable.h">
      <Filter>Header Files</Filter>
    </ClInclude>
    <ClInclude Include="code\Systems\MapLayerUpdate.h">
      <Filter>Header Files</Filter>
    </ClInclude>
    <ClInclude Include="code\Components\Tags.h">
      <Filter>Header Files</Filter>
    </ClInclude>
    <ClInclude Include="code\Components\SpriteSheet.h">
      <Filter>Header Files</Filter>
    </ClInclude>
    <ClInclude Include="code\State\StatePauseMenu.h">
      <Filter>Header Files</Filter>
    </ClInclude>
    <ClInclude Include="code\Systems\ScreenCaptureSystem.h">
      <Filter>Header Files</Filter>
    </ClInclude>
    <ClInclude Include="code\Components\UnitStateMachine.h">
      <Filter>Header Files</Filter>
    </ClInclude>
    <ClInclude Include="code\Systems\TransitionStateSystem.h">
      <Filter>Header Files</Filter>
    </ClInclude>
    <ClInclude Include="code\ContactListener.h">
      <Filter>Header Files</Filter>
    </ClInclude>
    <ClInclude Include="code\Components\CollisionResponse.h">
      <Filter>Header Files</Filter>
    </ClInclude>
    <ClInclude Include="code\Components\Health.h">
      <Filter>Header Files</Filter>
    </ClInclude>
    <ClInclude Include="code\Components\LifeTime.h">
      <Filter>Header Files</Filter>
    </ClInclude>
    <ClInclude Include="code\Systems\CollisionResponseSystem.h">
      <Filter>Header Files</Filter>
    </ClInclude>
    <ClInclude Include="code\Components\ProjectileEmitter.h">
      <Filter>Header Files</Filter>
    </ClInclude>
    <ClInclude Include="code\Systems\CombatSystem.h">
      <Filter>Header Files</Filter>
    </ClInclude>
    <ClInclude Include="code\Systems\LifeTimeSystem.h">
      <Filter>Header Files</Filter>
    </ClInclude>
    <ClInclude Include="code\Systems\HealthSystem.h">
      <Filter>Header Files</Filter>
    </ClInclude>
    <ClInclude Include="code\State\StateGameOver.h">
      <Filter>Header Files</Filter>
    </ClInclude>
    <ClInclude Include="code\State\StateWin.h">
      <Filter>Header Files</Filter>
    </ClInclude>
  </ItemGroup>
  <ItemGroup>
    <None Include="res\maps\smol_map.tmx" />
    <None Include="res\maps\test_map.tmx" />
    <None Include="res\maps\test_map2.tmx" />
    <None Include="res\tilesets\objects_tileset.tsx" />
    <None Include="res\tilesets\map_tileset.tsx" />
  </ItemGroup>
  <ItemGroup>
    <Image Include="res\tex\derebass.jpg">
      <Filter>Resource Files</Filter>
    </Image>
    <Image Include="res\tex\footman.png">
      <Filter>Resource Files</Filter>
    </Image>
    <Image Include="res\tex\map_tileset.png">
      <Filter>Resource Files</Filter>
    </Image>
    <Image Include="res\tex\obj_tiles.png">
      <Filter>Resource Files</Filter>
    </Image>
    <Image Include="res\tex\test_player_16x16.png">
      <Filter>Resource Files</Filter>
    </Image>
  </ItemGroup>
  <ItemGroup>
    <Font Include="res\fonts\Cabin.ttf" />
  </ItemGroup>
</Project>